// !$*UTF8*$!
{
	archiveVersion = 1;
	classes = {
	};
	objectVersion = 55;
	objects = {

/* Begin PBXBuildFile section */
		325612E628ACFF3F00E79831 /* Extension.swift in Sources */ = {isa = PBXBuildFile; fileRef = 325612E528ACFF3F00E79831 /* Extension.swift */; };
		325612E828AD047300E79831 /* TransactionModel.swift in Sources */ = {isa = PBXBuildFile; fileRef = 325612E728AD047300E79831 /* TransactionModel.swift */; };
		325612EA28AD0E1B00E79831 /* PreviewData.swift in Sources */ = {isa = PBXBuildFile; fileRef = 325612E928AD0E1B00E79831 /* PreviewData.swift */; };
		325612EC28AD0F4900E79831 /* TransactionRow.swift in Sources */ = {isa = PBXBuildFile; fileRef = 325612EB28AD0F4900E79831 /* TransactionRow.swift */; };
		325612EF28AD16C300E79831 /* SwiftUIFontIcon in Frameworks */ = {isa = PBXBuildFile; productRef = 325612EE28AD16C300E79831 /* SwiftUIFontIcon */; };
		325612F128AD179000E79831 /* TransactionListViewModel.swift in Sources */ = {isa = PBXBuildFile; fileRef = 325612F028AD179000E79831 /* TransactionListViewModel.swift */; };
		325612F328AD1E6300E79831 /* RecentTransactionList.swift in Sources */ = {isa = PBXBuildFile; fileRef = 325612F228AD1E6300E79831 /* RecentTransactionList.swift */; };
		325612F528AD2D3F00E79831 /* TransactionList.swift in Sources */ = {isa = PBXBuildFile; fileRef = 325612F428AD2D3F00E79831 /* TransactionList.swift */; };
		325612F828AD30BF00E79831 /* Collections in Frameworks */ = {isa = PBXBuildFile; productRef = 325612F728AD30BF00E79831 /* Collections */; };
		325612FB28AD32D900E79831 /* SwiftUICharts in Frameworks */ = {isa = PBXBuildFile; productRef = 325612FA28AD32D900E79831 /* SwiftUICharts */; };
		32949F5C28ACFA3E005019E7 /* ExpenseTrackerApp.swift in Sources */ = {isa = PBXBuildFile; fileRef = 32949F5B28ACFA3E005019E7 /* ExpenseTrackerApp.swift */; };
		32949F5E28ACFA3E005019E7 /* ContentView.swift in Sources */ = {isa = PBXBuildFile; fileRef = 32949F5D28ACFA3E005019E7 /* ContentView.swift */; };
		32949F6028ACFA3F005019E7 /* Assets.xcassets in Resources */ = {isa = PBXBuildFile; fileRef = 32949F5F28ACFA3F005019E7 /* Assets.xcassets */; };
		32949F6328ACFA3F005019E7 /* Preview Assets.xcassets in Resources */ = {isa = PBXBuildFile; fileRef = 32949F6228ACFA3F005019E7 /* Preview Assets.xcassets */; };
/* End PBXBuildFile section */

/* Begin PBXFileReference section */
		325612E528ACFF3F00E79831 /* Extension.swift */ = {isa = PBXFileReference; lastKnownFileType = sourcecode.swift; path = Extension.swift; sourceTree = "<group>"; };
		325612E728AD047300E79831 /* TransactionModel.swift */ = {isa = PBXFileReference; lastKnownFileType = sourcecode.swift; path = TransactionModel.swift; sourceTree = "<group>"; };
		325612E928AD0E1B00E79831 /* PreviewData.swift */ = {isa = PBXFileReference; lastKnownFileType = sourcecode.swift; path = PreviewData.swift; sourceTree = "<group>"; };
		325612EB28AD0F4900E79831 /* TransactionRow.swift */ = {isa = PBXFileReference; lastKnownFileType = sourcecode.swift; path = TransactionRow.swift; sourceTree = "<group>"; };
		325612F028AD179000E79831 /* TransactionListViewModel.swift */ = {isa = PBXFileReference; lastKnownFileType = sourcecode.swift; path = TransactionListViewModel.swift; sourceTree = "<group>"; };
		325612F228AD1E6300E79831 /* RecentTransactionList.swift */ = {isa = PBXFileReference; lastKnownFileType = sourcecode.swift; path = RecentTransactionList.swift; sourceTree = "<group>"; };
		325612F428AD2D3F00E79831 /* TransactionList.swift */ = {isa = PBXFileReference; lastKnownFileType = sourcecode.swift; path = TransactionList.swift; sourceTree = "<group>"; };
		32949F5828ACFA3E005019E7 /* ExpenseTracker.app */ = {isa = PBXFileReference; explicitFileType = wrapper.application; includeInIndex = 0; path = ExpenseTracker.app; sourceTree = BUILT_PRODUCTS_DIR; };
		32949F5B28ACFA3E005019E7 /* ExpenseTrackerApp.swift */ = {isa = PBXFileReference; lastKnownFileType = sourcecode.swift; path = ExpenseTrackerApp.swift; sourceTree = "<group>"; };
		32949F5D28ACFA3E005019E7 /* ContentView.swift */ = {isa = PBXFileReference; lastKnownFileType = sourcecode.swift; path = ContentView.swift; sourceTree = "<group>"; };
		32949F5F28ACFA3F005019E7 /* Assets.xcassets */ = {isa = PBXFileReference; lastKnownFileType = folder.assetcatalog; path = Assets.xcassets; sourceTree = "<group>"; };
		32949F6228ACFA3F005019E7 /* Preview Assets.xcassets */ = {isa = PBXFileReference; lastKnownFileType = folder.assetcatalog; path = "Preview Assets.xcassets"; sourceTree = "<group>"; };
/* End PBXFileReference section */

/* Begin PBXFrameworksBuildPhase section */
		32949F5528ACFA3E005019E7 /* Frameworks */ = {
			isa = PBXFrameworksBuildPhase;
			buildActionMask = 2147483647;
			files = (
				325612FB28AD32D900E79831 /* SwiftUICharts in Frameworks */,
				325612F828AD30BF00E79831 /* Collections in Frameworks */,
				325612EF28AD16C300E79831 /* SwiftUIFontIcon in Frameworks */,
			);
			runOnlyForDeploymentPostprocessing = 0;
		};
/* End PBXFrameworksBuildPhase section */

/* Begin PBXGroup section */
		32949F4F28ACFA3E005019E7 = {
			isa = PBXGroup;
			children = (
				32949F5A28ACFA3E005019E7 /* ExpenseTracker */,
				32949F5928ACFA3E005019E7 /* Products */,
			);
			sourceTree = "<group>";
		};
		32949F5928ACFA3E005019E7 /* Products */ = {
			isa = PBXGroup;
			children = (
				32949F5828ACFA3E005019E7 /* ExpenseTracker.app */,
			);
			name = Products;
			sourceTree = "<group>";
		};
		32949F5A28ACFA3E005019E7 /* ExpenseTracker */ = {
			isa = PBXGroup;
			children = (
				32949F5B28ACFA3E005019E7 /* ExpenseTrackerApp.swift */,
				32949F5D28ACFA3E005019E7 /* ContentView.swift */,
				325612F228AD1E6300E79831 /* RecentTransactionList.swift */,
				325612EB28AD0F4900E79831 /* TransactionRow.swift */,
				325612F028AD179000E79831 /* TransactionListViewModel.swift */,
				325612F428AD2D3F00E79831 /* TransactionList.swift */,
				325612E728AD047300E79831 /* TransactionModel.swift */,
				325612E528ACFF3F00E79831 /* Extension.swift */,
				32949F5F28ACFA3F005019E7 /* Assets.xcassets */,
				32949F6128ACFA3F005019E7 /* Preview Content */,
			);
			path = ExpenseTracker;
			sourceTree = "<group>";
		};
		32949F6128ACFA3F005019E7 /* Preview Content */ = {
			isa = PBXGroup;
			children = (
				32949F6228ACFA3F005019E7 /* Preview Assets.xcassets */,
				325612E928AD0E1B00E79831 /* PreviewData.swift */,
			);
			path = "Preview Content";
			sourceTree = "<group>";
		};
/* End PBXGroup section */

/* Begin PBXNativeTarget section */
		32949F5728ACFA3E005019E7 /* ExpenseTracker */ = {
			isa = PBXNativeTarget;
			buildConfigurationList = 32949F6628ACFA3F005019E7 /* Build configuration list for PBXNativeTarget "ExpenseTracker" */;
			buildPhases = (
				32949F5428ACFA3E005019E7 /* Sources */,
				32949F5528ACFA3E005019E7 /* Frameworks */,
				32949F5628ACFA3E005019E7 /* Resources */,
			);
			buildRules = (
			);
			dependencies = (
			);
			name = ExpenseTracker;
			packageProductDependencies = (
				325612EE28AD16C300E79831 /* SwiftUIFontIcon */,
				325612F728AD30BF00E79831 /* Collections */,
				325612FA28AD32D900E79831 /* SwiftUICharts */,
			);
			productName = ExpenseTracker;
			productReference = 32949F5828ACFA3E005019E7 /* ExpenseTracker.app */;
			productType = "com.apple.product-type.application";
		};
/* End PBXNativeTarget section */

/* Begin PBXProject section */
		32949F5028ACFA3E005019E7 /* Project object */ = {
			isa = PBXProject;
			attributes = {
				BuildIndependentTargetsInParallel = 1;
				LastSwiftUpdateCheck = 1340;
				LastUpgradeCheck = 1340;
				TargetAttributes = {
					32949F5728ACFA3E005019E7 = {
						CreatedOnToolsVersion = 13.4.1;
					};
				};
			};
			buildConfigurationList = 32949F5328ACFA3E005019E7 /* Build configuration list for PBXProject "ExpenseTracker" */;
			compatibilityVersion = "Xcode 13.0";
			developmentRegion = en;
			hasScannedForEncodings = 0;
			knownRegions = (
				en,
				Base,
			);
			mainGroup = 32949F4F28ACFA3E005019E7;
			packageReferences = (
				325612ED28AD16C300E79831 /* XCRemoteSwiftPackageReference "SwiftUIFontIcon" */,
				325612F628AD30BF00E79831 /* XCRemoteSwiftPackageReference "swift-collections" */,
				325612F928AD32D900E79831 /* XCRemoteSwiftPackageReference "ChartView" */,
			);
			productRefGroup = 32949F5928ACFA3E005019E7 /* Products */;
			projectDirPath = "";
			projectRoot = "";
			targets = (
				32949F5728ACFA3E005019E7 /* ExpenseTracker */,
			);
		};
/* End PBXProject section */

/* Begin PBXResourcesBuildPhase section */
		32949F5628ACFA3E005019E7 /* Resources */ = {
			isa = PBXResourcesBuildPhase;
			buildActionMask = 2147483647;
			files = (
				32949F6328ACFA3F005019E7 /* Preview Assets.xcassets in Resources */,
				32949F6028ACFA3F005019E7 /* Assets.xcassets in Resources */,
			);
			runOnlyForDeploymentPostprocessing = 0;
		};
/* End PBXResourcesBuildPhase section */

/* Begin PBXSourcesBuildPhase section */
		32949F5428ACFA3E005019E7 /* Sources */ = {
			isa = PBXSourcesBuildPhase;
			buildActionMask = 2147483647;
			files = (
				325612EA28AD0E1B00E79831 /* PreviewData.swift in Sources */,
				325612F528AD2D3F00E79831 /* TransactionList.swift in Sources */,
				325612F328AD1E6300E79831 /* RecentTransactionList.swift in Sources */,
				325612E828AD047300E79831 /* TransactionModel.swift in Sources */,
				325612E628ACFF3F00E79831 /* Extension.swift in Sources */,
				325612EC28AD0F4900E79831 /* TransactionRow.swift in Sources */,
				32949F5E28ACFA3E005019E7 /* ContentView.swift in Sources */,
				325612F128AD179000E79831 /* TransactionListViewModel.swift in Sources */,
				32949F5C28ACFA3E005019E7 /* ExpenseTrackerApp.swift in Sources */,
			);
			runOnlyForDeploymentPostprocessing = 0;
		};
/* End PBXSourcesBuildPhase section */

/* Begin XCBuildConfiguration section */
		32949F6428ACFA3F005019E7 /* Debug */ = {
			isa = XCBuildConfiguration;
			buildSettings = {
				ALWAYS_SEARCH_USER_PATHS = NO;
				CLANG_ANALYZER_NONNULL = YES;
				CLANG_ANALYZER_NUMBER_OBJECT_CONVERSION = YES_AGGRESSIVE;
				CLANG_CXX_LANGUAGE_STANDARD = "gnu++17";
				CLANG_ENABLE_MODULES = YES;
				CLANG_ENABLE_OBJC_ARC = YES;
				CLANG_ENABLE_OBJC_WEAK = YES;
				CLANG_WARN_BLOCK_CAPTURE_AUTORELEASING = YES;
				CLANG_WARN_BOOL_CONVERSION = YES;
				CLANG_WARN_COMMA = YES;
				CLANG_WARN_CONSTANT_CONVERSION = YES;
				CLANG_WARN_DEPRECATED_OBJC_IMPLEMENTATIONS = YES;
				CLANG_WARN_DIRECT_OBJC_ISA_USAGE = YES_ERROR;
				CLANG_WARN_DOCUMENTATION_COMMENTS = YES;
				CLANG_WARN_EMPTY_BODY = YES;
				CLANG_WARN_ENUM_CONVERSION = YES;
				CLANG_WARN_INFINITE_RECURSION = YES;
				CLANG_WARN_INT_CONVERSION = YES;
				CLANG_WARN_NON_LITERAL_NULL_CONVERSION = YES;
				CLANG_WARN_OBJC_IMPLICIT_RETAIN_SELF = YES;
				CLANG_WARN_OBJC_LITERAL_CONVERSION = YES;
				CLANG_WARN_OBJC_ROOT_CLASS = YES_ERROR;
				CLANG_WARN_QUOTED_INCLUDE_IN_FRAMEWORK_HEADER = YES;
				CLANG_WARN_RANGE_LOOP_ANALYSIS = YES;
				CLANG_WARN_STRICT_PROTOTYPES = YES;
				CLANG_WARN_SUSPICIOUS_MOVE = YES;
				CLANG_WARN_UNGUARDED_AVAILABILITY = YES_AGGRESSIVE;
				CLANG_WARN_UNREACHABLE_CODE = YES;
				CLANG_WARN__DUPLICATE_METHOD_MATCH = YES;
				COPY_PHASE_STRIP = NO;
				DEBUG_INFORMATION_FORMAT = dwarf;
				ENABLE_STRICT_OBJC_MSGSEND = YES;
				ENABLE_TESTABILITY = YES;
				GCC_C_LANGUAGE_STANDARD = gnu11;
				GCC_DYNAMIC_NO_PIC = NO;
				GCC_NO_COMMON_BLOCKS = YES;
				GCC_OPTIMIZATION_LEVEL = 0;
				GCC_PREPROCESSOR_DEFINITIONS = (
					"DEBUG=1",
					"$(inherited)",
				);
				GCC_WARN_64_TO_32_BIT_CONVERSION = YES;
				GCC_WARN_ABOUT_RETURN_TYPE = YES_ERROR;
				GCC_WARN_UNDECLARED_SELECTOR = YES;
				GCC_WARN_UNINITIALIZED_AUTOS = YES_AGGRESSIVE;
				GCC_WARN_UNUSED_FUNCTION = YES;
				GCC_WARN_UNUSED_VARIABLE = YES;
				IPHONEOS_DEPLOYMENT_TARGET = 15.5;
				MTL_ENABLE_DEBUG_INFO = INCLUDE_SOURCE;
				MTL_FAST_MATH = YES;
				ONLY_ACTIVE_ARCH = YES;
				SDKROOT = iphoneos;
				SWIFT_ACTIVE_COMPILATION_CONDITIONS = DEBUG;
				SWIFT_OPTIMIZATION_LEVEL = "-Onone";
			};
			name = Debug;
		};
		32949F6528ACFA3F005019E7 /* Release */ = {
			isa = XCBuildConfiguration;
			buildSettings = {
				ALWAYS_SEARCH_USER_PATHS = NO;
				CLANG_ANALYZER_NONNULL = YES;
				CLANG_ANALYZER_NUMBER_OBJECT_CONVERSION = YES_AGGRESSIVE;
				CLANG_CXX_LANGUAGE_STANDARD = "gnu++17";
				CLANG_ENABLE_MODULES = YES;
				CLANG_ENABLE_OBJC_ARC = YES;
				CLANG_ENABLE_OBJC_WEAK = YES;
				CLANG_WARN_BLOCK_CAPTURE_AUTORELEASING = YES;
				CLANG_WARN_BOOL_CONVERSION = YES;
				CLANG_WARN_COMMA = YES;
				CLANG_WARN_CONSTANT_CONVERSION = YES;
				CLANG_WARN_DEPRECATED_OBJC_IMPLEMENTATIONS = YES;
				CLANG_WARN_DIRECT_OBJC_ISA_USAGE = YES_ERROR;
				CLANG_WARN_DOCUMENTATION_COMMENTS = YES;
				CLANG_WARN_EMPTY_BODY = YES;
				CLANG_WARN_ENUM_CONVERSION = YES;
				CLANG_WARN_INFINITE_RECURSION = YES;
				CLANG_WARN_INT_CONVERSION = YES;
				CLANG_WARN_NON_LITERAL_NULL_CONVERSION = YES;
				CLANG_WARN_OBJC_IMPLICIT_RETAIN_SELF = YES;
				CLANG_WARN_OBJC_LITERAL_CONVERSION = YES;
				CLANG_WARN_OBJC_ROOT_CLASS = YES_ERROR;
				CLANG_WARN_QUOTED_INCLUDE_IN_FRAMEWORK_HEADER = YES;
				CLANG_WARN_RANGE_LOOP_ANALYSIS = YES;
				CLANG_WARN_STRICT_PROTOTYPES = YES;
				CLANG_WARN_SUSPICIOUS_MOVE = YES;
				CLANG_WARN_UNGUARDED_AVAILABILITY = YES_AGGRESSIVE;
				CLANG_WARN_UNREACHABLE_CODE = YES;
				CLANG_WARN__DUPLICATE_METHOD_MATCH = YES;
				COPY_PHASE_STRIP = NO;
				DEBUG_INFORMATION_FORMAT = "dwarf-with-dsym";
				ENABLE_NS_ASSERTIONS = NO;
				ENABLE_STRICT_OBJC_MSGSEND = YES;
				GCC_C_LANGUAGE_STANDARD = gnu11;
				GCC_NO_COMMON_BLOCKS = YES;
				GCC_WARN_64_TO_32_BIT_CONVERSION = YES;
				GCC_WARN_ABOUT_RETURN_TYPE = YES_ERROR;
				GCC_WARN_UNDECLARED_SELECTOR = YES;
				GCC_WARN_UNINITIALIZED_AUTOS = YES_AGGRESSIVE;
				GCC_WARN_UNUSED_FUNCTION = YES;
				GCC_WARN_UNUSED_VARIABLE = YES;
				IPHONEOS_DEPLOYMENT_TARGET = 15.5;
				MTL_ENABLE_DEBUG_INFO = NO;
				MTL_FAST_MATH = YES;
				SDKROOT = iphoneos;
				SWIFT_COMPILATION_MODE = wholemodule;
				SWIFT_OPTIMIZATION_LEVEL = "-O";
				VALIDATE_PRODUCT = YES;
			};
			name = Release;
		};
		32949F6728ACFA3F005019E7 /* Debug */ = {
			isa = XCBuildConfiguration;
			buildSettings = {
				ASSETCATALOG_COMPILER_APPICON_NAME = AppIcon;
				ASSETCATALOG_COMPILER_GLOBAL_ACCENT_COLOR_NAME = AccentColor;
				CODE_SIGN_STYLE = Automatic;
				CURRENT_PROJECT_VERSION = 1;
				DEVELOPMENT_ASSET_PATHS = "\"ExpenseTracker/Preview Content\"";
				DEVELOPMENT_TEAM = HZA2VVV8C7;
				ENABLE_PREVIEWS = YES;
				GENERATE_INFOPLIST_FILE = YES;
				INFOPLIST_KEY_UIApplicationSceneManifest_Generation = YES;
				INFOPLIST_KEY_UIApplicationSupportsIndirectInputEvents = YES;
				INFOPLIST_KEY_UILaunchScreen_Generation = YES;
				INFOPLIST_KEY_UISupportedInterfaceOrientations_iPad = "UIInterfaceOrientationPortrait UIInterfaceOrientationPortraitUpsideDown UIInterfaceOrientationLandscapeLeft UIInterfaceOrientationLandscapeRight";
				INFOPLIST_KEY_UISupportedInterfaceOrientations_iPhone = "UIInterfaceOrientationPortrait UIInterfaceOrientationLandscapeLeft UIInterfaceOrientationLandscapeRight";
				LD_RUNPATH_SEARCH_PATHS = (
					"$(inherited)",
					"@executable_path/Frameworks",
				);
				MARKETING_VERSION = 1.0;
				PRODUCT_BUNDLE_IDENTIFIER = my.ExpenseTracker;
				PRODUCT_NAME = "$(TARGET_NAME)";
				SWIFT_EMIT_LOC_STRINGS = YES;
				SWIFT_VERSION = 5.0;
				TARGETED_DEVICE_FAMILY = "1,2";
			};
			name = Debug;
		};
		32949F6828ACFA3F005019E7 /* Release */ = {
			isa = XCBuildConfiguration;
			buildSettings = {
				ASSETCATALOG_COMPILER_APPICON_NAME = AppIcon;
				ASSETCATALOG_COMPILER_GLOBAL_ACCENT_COLOR_NAME = AccentColor;
				CODE_SIGN_STYLE = Automatic;
				CURRENT_PROJECT_VERSION = 1;
				DEVELOPMENT_ASSET_PATHS = "\"ExpenseTracker/Preview Content\"";
				DEVELOPMENT_TEAM = HZA2VVV8C7;
				ENABLE_PREVIEWS = YES;
				GENERATE_INFOPLIST_FILE = YES;
				INFOPLIST_KEY_UIApplicationSceneManifest_Generation = YES;
				INFOPLIST_KEY_UIApplicationSupportsIndirectInputEvents = YES;
				INFOPLIST_KEY_UILaunchScreen_Generation = YES;
				INFOPLIST_KEY_UISupportedInterfaceOrientations_iPad = "UIInterfaceOrientationPortrait UIInterfaceOrientationPortraitUpsideDown UIInterfaceOrientationLandscapeLeft UIInterfaceOrientationLandscapeRight";
				INFOPLIST_KEY_UISupportedInterfaceOrientations_iPhone = "UIInterfaceOrientationPortrait UIInterfaceOrientationLandscapeLeft UIInterfaceOrientationLandscapeRight";
				LD_RUNPATH_SEARCH_PATHS = (
					"$(inherited)",
					"@executable_path/Frameworks",
				);
				MARKETING_VERSION = 1.0;
				PRODUCT_BUNDLE_IDENTIFIER = my.ExpenseTracker;
				PRODUCT_NAME = "$(TARGET_NAME)";
				SWIFT_EMIT_LOC_STRINGS = YES;
				SWIFT_VERSION = 5.0;
				TARGETED_DEVICE_FAMILY = "1,2";
			};
			name = Release;
		};
/* End XCBuildConfiguration section */

/* Begin XCConfigurationList section */
		32949F5328ACFA3E005019E7 /* Build configuration list for PBXProject "ExpenseTracker" */ = {
			isa = XCConfigurationList;
			buildConfigurations = (
				32949F6428ACFA3F005019E7 /* Debug */,
				32949F6528ACFA3F005019E7 /* Release */,
			);
			defaultConfigurationIsVisible = 0;
			defaultConfigurationName = Release;
		};
		32949F6628ACFA3F005019E7 /* Build configuration list for PBXNativeTarget "ExpenseTracker" */ = {
			isa = XCConfigurationList;
			buildConfigurations = (
				32949F6728ACFA3F005019E7 /* Debug */,
				32949F6828ACFA3F005019E7 /* Release */,
			);
			defaultConfigurationIsVisible = 0;
			defaultConfigurationName = Release;
		};
/* End XCConfigurationList section */

/* Begin XCRemoteSwiftPackageReference section */
		325612ED28AD16C300E79831 /* XCRemoteSwiftPackageReference "SwiftUIFontIcon" */ = {
			isa = XCRemoteSwiftPackageReference;
			repositoryURL = "https://github.com/huybuidac/SwiftUIFontIcon";
			requirement = {
				branch = master;
				kind = branch;
			};
		};
		325612F628AD30BF00E79831 /* XCRemoteSwiftPackageReference "swift-collections" */ = {
			isa = XCRemoteSwiftPackageReference;
			repositoryURL = "https://github.com/apple/swift-collections.git";
			requirement = {
				kind = upToNextMajorVersion;
				minimumVersion = 1.0.2;
			};
		};
		325612F928AD32D900E79831 /* XCRemoteSwiftPackageReference "ChartView" */ = {
			isa = XCRemoteSwiftPackageReference;
			repositoryURL = "https://github.com/AppPear/ChartView";
			requirement = {
				kind = exactVersion;
				version = "2.0.0-beta.2";
			};
		};
/* End XCRemoteSwiftPackageReference section */

/* Begin XCSwiftPackageProductDependency section */
		325612EE28AD16C300E79831 /* SwiftUIFontIcon */ = {
			isa = XCSwiftPackageProductDependency;
			package = 325612ED28AD16C300E79831 /* XCRemoteSwiftPackageReference "SwiftUIFontIcon" */;
			productName = SwiftUIFontIcon;
		};
		325612F728AD30BF00E79831 /* Collections */ = {
			isa = XCSwiftPackageProductDependency;
			package = 325612F628AD30BF00E79831 /* XCRemoteSwiftPackageReference "swift-collections" */;
			productName = Collections;
		};
		325612FA28AD32D900E79831 /* SwiftUICharts */ = {
			isa = XCSwiftPackageProductDependency;
			package = 325612F928AD32D900E79831 /* XCRemoteSwiftPackageReference "ChartView" */;
			productName = SwiftUICharts;
		};
/* End XCSwiftPackageProductDependency section */
	};
	rootObject = 32949F5028ACFA3E005019E7 /* Project object */;
}
